{
  "lockfile_version": "1",
  "packages": {
    "docker-buildx@latest": {
      "last_modified": "2025-05-16T20:19:48Z",
      "resolved": "github:NixOS/nixpkgs/12a55407652e04dcf2309436eb06fef0d3713ef3#docker-buildx",
      "source": "devbox-search",
      "version": "0.23.0",
      "systems": {
        "aarch64-darwin": {
          "outputs": [
            {
              "name": "out",
              "path": "/nix/store/cm0wp72plir9ax9aw5np2vkfcs328mqp-docker-buildx-0.23.0",
              "default": true
            }
          ],
          "store_path": "/nix/store/cm0wp72plir9ax9aw5np2vkfcs328mqp-docker-buildx-0.23.0"
        },
        "aarch64-linux": {
          "outputs": [
            {
              "name": "out",
              "path": "/nix/store/ma5hrb67v8v7najzfvilv2sr1d1g9vrf-docker-buildx-0.23.0",
              "default": true
            }
          ],
          "store_path": "/nix/store/ma5hrb67v8v7najzfvilv2sr1d1g9vrf-docker-buildx-0.23.0"
        },
        "x86_64-darwin": {
          "outputs": [
            {
              "name": "out",
              "path": "/nix/store/5dkb165xq5yis9hiiq7a3psg3m7zh6p9-docker-buildx-0.23.0",
              "default": true
            }
          ],
          "store_path": "/nix/store/5dkb165xq5yis9hiiq7a3psg3m7zh6p9-docker-buildx-0.23.0"
        },
        "x86_64-linux": {
          "outputs": [
            {
              "name": "out",
              "path": "/nix/store/wwdmffbkswq1lncl3spgh7qa3y51v035-docker-buildx-0.23.0",
              "default": true
            }
          ],
          "store_path": "/nix/store/wwdmffbkswq1lncl3spgh7qa3y51v035-docker-buildx-0.23.0"
        }
      }
    },
    "github:NixOS/nixpkgs/nixpkgs-unstable": {
      "last_modified": "2025-05-22T23:55:03Z",
      "resolved": "github:NixOS/nixpkgs/fe51d34885f7b5e3e7b59572796e1bcb427eccb1?lastModified=1747958103&narHash=sha256-qmmFCrfBwSHoWw7cVK4Aj%2Bfns%2Bc54EBP8cGqp%2FyK410%3D"
    },
    "go-junit-report@latest": {
      "last_modified": "2025-05-16T20:19:48Z",
      "resolved": "github:NixOS/nixpkgs/12a55407652e04dcf2309436eb06fef0d3713ef3#go-junit-report",
      "source": "devbox-search",
      "version": "2.1.0",
      "systems": {
        "aarch64-darwin": {
          "outputs": [
            {
              "name": "out",
              "path": "/nix/store/97cm2yfnkvh0b5vrgkrbnz8ydps83mk8-go-junit-report-2.1.0",
              "default": true
            }
          ],
          "store_path": "/nix/store/97cm2yfnkvh0b5vrgkrbnz8ydps83mk8-go-junit-report-2.1.0"
        },
        "aarch64-linux": {
          "outputs": [
            {
              "name": "out",
              "path": "/nix/store/ivfa35rdxh4h3nkl412vvgsswx0ag6pw-go-junit-report-2.1.0",
              "default": true
            }
          ],
          "store_path": "/nix/store/ivfa35rdxh4h3nkl412vvgsswx0ag6pw-go-junit-report-2.1.0"
        },
        "x86_64-darwin": {
          "outputs": [
            {
              "name": "out",
              "path": "/nix/store/7hgrd8smmzxhksfi2mwzyjsjy0hdqgmf-go-junit-report-2.1.0",
              "default": true
            }
          ],
          "store_path": "/nix/store/7hgrd8smmzxhksfi2mwzyjsjy0hdqgmf-go-junit-report-2.1.0"
        },
        "x86_64-linux": {
          "outputs": [
            {
              "name": "out",
              "path": "/nix/store/xccah887m19ipxzafx1fns6b7iz33mpf-go-junit-report-2.1.0",
              "default": true
            }
          ],
          "store_path": "/nix/store/xccah887m19ipxzafx1fns6b7iz33mpf-go-junit-report-2.1.0"
        }
      }
    },
    "go@latest": {
      "last_modified": "2025-05-16T20:19:48Z",
      "resolved": "github:NixOS/nixpkgs/12a55407652e04dcf2309436eb06fef0d3713ef3#go",
      "source": "devbox-search",
      "version": "1.24.3",
      "systems": {
        "aarch64-darwin": {
          "outputs": [
            {
              "name": "out",
              "path": "/nix/store/ps3admpzmc1ryvn9q7sw5xfd94dkrb3f-go-1.24.3",
              "default": true
            }
          ],
          "store_path": "/nix/store/ps3admpzmc1ryvn9q7sw5xfd94dkrb3f-go-1.24.3"
        },
        "aarch64-linux": {
          "outputs": [
            {
              "name": "out",
              "path": "/nix/store/45bnqhyyq40p91k3cjw0farx3hn1swx6-go-1.24.3",
              "default": true
            }
          ],
          "store_path": "/nix/store/45bnqhyyq40p91k3cjw0farx3hn1swx6-go-1.24.3"
        },
        "x86_64-darwin": {
          "outputs": [
            {
              "name": "out",
              "path": "/nix/store/9z2kb6hxij7pqi0fgcn9ijhpb7ajpazs-go-1.24.3",
              "default": true
            }
          ],
          "store_path": "/nix/store/9z2kb6hxij7pqi0fgcn9ijhpb7ajpazs-go-1.24.3"
        },
        "x86_64-linux": {
          "outputs": [
            {
              "name": "out",
              "path": "/nix/store/5xvi25nqmbrg58aixp4zgczilfnp7pwg-go-1.24.3",
              "default": true
            }
          ],
          "store_path": "/nix/store/5xvi25nqmbrg58aixp4zgczilfnp7pwg-go-1.24.3"
        }
      }
    },
    "golangci-lint@latest": {
      "last_modified": "2025-05-16T20:19:48Z",
      "resolved": "github:NixOS/nixpkgs/12a55407652e04dcf2309436eb06fef0d3713ef3#golangci-lint",
      "source": "devbox-search",
      "version": "2.1.6",
      "systems": {
        "aarch64-darwin": {
          "outputs": [
            {
              "name": "out",
              "path": "/nix/store/8d3n5ly5r6prqyx3h5nr2v778hzwp83r-golangci-lint-2.1.6",
              "default": true
            }
          ],
          "store_path": "/nix/store/8d3n5ly5r6prqyx3h5nr2v778hzwp83r-golangci-lint-2.1.6"
        },
        "aarch64-linux": {
          "outputs": [
            {
              "name": "out",
              "path": "/nix/store/sazvkjsaxnpnplrsaj5wf1x9xkgv0s88-golangci-lint-2.1.6",
              "default": true
            }
          ],
          "store_path": "/nix/store/sazvkjsaxnpnplrsaj5wf1x9xkgv0s88-golangci-lint-2.1.6"
        },
        "x86_64-darwin": {
          "outputs": [
            {
              "name": "out",
              "path": "/nix/store/cqfnavdyysfdm9cam8bsyscbsk8zg781-golangci-lint-2.1.6",
              "default": true
            }
          ],
          "store_path": "/nix/store/cqfnavdyysfdm9cam8bsyscbsk8zg781-golangci-lint-2.1.6"
        },
        "x86_64-linux": {
          "outputs": [
            {
              "name": "out",
              "path": "/nix/store/snqg2xccy7fb6q6n2dw3bfql6mqbh6ar-golangci-lint-2.1.6",
              "default": true
            }
          ],
          "store_path": "/nix/store/snqg2xccy7fb6q6n2dw3bfql6mqbh6ar-golangci-lint-2.1.6"
        }
      }
    },
    "nodejs@latest": {
      "last_modified": "2025-05-21T18:43:04Z",
      "plugin_version": "0.0.2",
      "resolved": "github:NixOS/nixpkgs/8c441601c43232976179eac52dde704c8bdf81ed#nodejs_24",
      "source": "devbox-search",
      "version": "24.0.2",
      "systems": {
        "aarch64-darwin": {
          "outputs": [
            {
              "name": "out",
              "path": "/nix/store/g18x9zqm1fvxbkq7k64pkvlc07yc2fx1-nodejs-24.0.2",
              "default": true
            },
            {
              "name": "dev",
              "path": "/nix/store/g03gq7qh0zwwj479lxdxp2z92lry0ncf-nodejs-24.0.2-dev"
            },
            {
              "name": "libv8",
              "path": "/nix/store/f767xbpljq7s2w6269jnzqha8fah0gmk-nodejs-24.0.2-libv8"
            }
          ],
          "store_path": "/nix/store/g18x9zqm1fvxbkq7k64pkvlc07yc2fx1-nodejs-24.0.2"
        },
        "aarch64-linux": {
          "outputs": [
            {
              "name": "out",
              "path": "/nix/store/db91h0bv7qnikypzh9ljgdyw76f6mn1a-nodejs-24.0.2",
              "default": true
            },
            {
              "name": "libv8",
              "path": "/nix/store/877klxkxc086qcryqa07p59m73426241-nodejs-24.0.2-libv8"
            },
            {
              "name": "dev",
              "path": "/nix/store/hkysigr96k7m3jxizsr907kmh71ccfzx-nodejs-24.0.2-dev"
            }
          ],
          "store_path": "/nix/store/db91h0bv7qnikypzh9ljgdyw76f6mn1a-nodejs-24.0.2"
        },
        "x86_64-darwin": {
          "outputs": [
            {
              "name": "out",
              "path": "/nix/store/lkij0yk0kaf07wps2bg04dc0x3jwkzp6-nodejs-24.0.2",
              "default": true
            },
            {
              "name": "dev",
              "path": "/nix/store/xh5rq4z6cp28l88mc81m38ylf5fzml40-nodejs-24.0.2-dev"
            },
            {
              "name": "libv8",
              "path": "/nix/store/wkzi8bc8f9xvpil4b086p1b44xsqnpjy-nodejs-24.0.2-libv8"
            }
          ],
          "store_path": "/nix/store/lkij0yk0kaf07wps2bg04dc0x3jwkzp6-nodejs-24.0.2"
        },
        "x86_64-linux": {
          "outputs": [
            {
              "name": "out",
              "path": "/nix/store/mzsb0ap4avc7cg4m3mdjvrpddflbsgad-nodejs-24.0.2",
              "default": true
            },
            {
              "name": "libv8",
              "path": "/nix/store/bmmsz4fnmbh5fhjvy5yc0f557vs9kgm8-nodejs-24.0.2-libv8"
            },
            {
              "name": "dev",
              "path": "/nix/store/7c3qfqspmilb7wm7d31l6rvwv7apsanr-nodejs-24.0.2-dev"
            }
          ],
          "store_path": "/nix/store/mzsb0ap4avc7cg4m3mdjvrpddflbsgad-nodejs-24.0.2"
        }
      }
    },
    "pre-commit@latest": {
      "last_modified": "2025-05-16T20:19:48Z",
      "resolved": "github:NixOS/nixpkgs/12a55407652e04dcf2309436eb06fef0d3713ef3#pre-commit",
      "source": "devbox-search",
      "version": "4.0.1",
      "systems": {
        "aarch64-darwin": {
          "outputs": [
            {
              "name": "out",
              "path": "/nix/store/g00h6mhz70hfx0pa02nhznzd35jaq4hn-pre-commit-4.0.1",
              "default": true
            },
            {
              "name": "dist",
              "path": "/nix/store/3nnlbnb4gsqv28fai5iz4i76842dh6xx-pre-commit-4.0.1-dist"
            }
          ],
          "store_path": "/nix/store/g00h6mhz70hfx0pa02nhznzd35jaq4hn-pre-commit-4.0.1"
        },
        "aarch64-linux": {
          "outputs": [
            {
              "name": "out",
              "path": "/nix/store/n7b18b0l062mji96m0li5xgcihdq6lvc-pre-commit-4.0.1",
              "default": true
            },
            {
              "name": "dist",
              "path": "/nix/store/pv8azr8h1752zsysf6q4dgp944b37324-pre-commit-4.0.1-dist"
            }
          ],
          "store_path": "/nix/store/n7b18b0l062mji96m0li5xgcihdq6lvc-pre-commit-4.0.1"
        },
        "x86_64-darwin": {
          "outputs": [
            {
              "name": "out",
              "path": "/nix/store/58y9syl8ajlqc16blrh0a54fm5l712qf-pre-commit-4.0.1",
              "default": true
            },
            {
              "name": "dist",
              "path": "/nix/store/i5rxk16j3r6xkbg7r2bsb1njc1rpvplg-pre-commit-4.0.1-dist"
            }
          ],
          "store_path": "/nix/store/58y9syl8ajlqc16blrh0a54fm5l712qf-pre-commit-4.0.1"
        },
        "x86_64-linux": {
          "outputs": [
            {
              "name": "out",
              "path": "/nix/store/dg01cn7460sxf91swzlhnw2plpil4wb0-pre-commit-4.0.1",
              "default": true
            },
            {
              "name": "dist",
              "path": "/nix/store/iibw8jmp67w9zcnxd4hb67pagzr8v8s9-pre-commit-4.0.1-dist"
            }
          ],
          "store_path": "/nix/store/dg01cn7460sxf91swzlhnw2plpil4wb0-pre-commit-4.0.1"
        }
      }
    }
  }
}
