{
  "lockfile_version": "1",
  "packages": {
    "docker-buildx@latest": {
      "last_modified": "2025-03-26T18:47:43Z",
      "resolved": "github:NixOS/nixpkgs/bd3bac8bfb542dbde7ffffb6987a1a1f9d41699f#docker-buildx",
      "source": "devbox-search",
      "version": "0.22.0",
      "systems": {
        "aarch64-darwin": {
          "outputs": [
            {
              "name": "out",
              "path": "/nix/store/pk7l1ddfbi8df94difwj3kzb4c9fnq9l-docker-buildx-0.22.0",
              "default": true
            }
          ],
          "store_path": "/nix/store/pk7l1ddfbi8df94difwj3kzb4c9fnq9l-docker-buildx-0.22.0"
        },
        "aarch64-linux": {
          "outputs": [
            {
              "name": "out",
              "path": "/nix/store/q144q18qfn8dq6sa4acyjz4xzh098gii-docker-buildx-0.22.0",
              "default": true
            }
          ],
          "store_path": "/nix/store/q144q18qfn8dq6sa4acyjz4xzh098gii-docker-buildx-0.22.0"
        },
        "x86_64-darwin": {
          "outputs": [
            {
              "name": "out",
              "path": "/nix/store/4zh9q4ny9l7y3hjj4ici6rkpfs4sq4z2-docker-buildx-0.22.0",
              "default": true
            }
          ],
          "store_path": "/nix/store/4zh9q4ny9l7y3hjj4ici6rkpfs4sq4z2-docker-buildx-0.22.0"
        },
        "x86_64-linux": {
          "outputs": [
            {
              "name": "out",
              "path": "/nix/store/bg3xs9zhmanwby6vrss2i46pvqnkadgd-docker-buildx-0.22.0",
              "default": true
            }
          ],
          "store_path": "/nix/store/bg3xs9zhmanwby6vrss2i46pvqnkadgd-docker-buildx-0.22.0"
        }
      }
    },
    "github:NixOS/nixpkgs/nixpkgs-unstable": {
      "resolved": "github:NixOS/nixpkgs/b7ba7f9f45c5cd0d8625e9e217c28f8eb6a19a76?lastModified=1743568003&narHash=sha256-ZID5T65E8ruHqWRcdvZLsczWDOAWIE7om%2BvQOREwiX0%3D"
    },
    "github:encoredev/encore-flake": {
      "resolved": "github:encoredev/encore-flake/169c2c7d6c9bdacdeb3e0519e5d761ab88336686?lastModified=1743521249&narHash=sha256-t1cvtJ4NvEO34%2FmJM8wFq93CGLaqyp87ZShNZMmneUg%3D"
    },
    "go-junit-report@latest": {
      "last_modified": "2025-03-11T17:52:14Z",
      "resolved": "github:NixOS/nixpkgs/0d534853a55b5d02a4ababa1d71921ce8f0aee4c#go-junit-report",
      "source": "devbox-search",
      "version": "2.1.0",
      "systems": {
        "aarch64-darwin": {
          "outputs": [
            {
              "name": "out",
              "path": "/nix/store/gqnvdyw5jk8gsw05170xq9kprnzi5vwk-go-junit-report-2.1.0",
              "default": true
            }
          ],
          "store_path": "/nix/store/gqnvdyw5jk8gsw05170xq9kprnzi5vwk-go-junit-report-2.1.0"
        },
        "aarch64-linux": {
          "outputs": [
            {
              "name": "out",
              "path": "/nix/store/kz6npc574zlz5yj67k19a6444sx6kiqv-go-junit-report-2.1.0",
              "default": true
            }
          ],
          "store_path": "/nix/store/kz6npc574zlz5yj67k19a6444sx6kiqv-go-junit-report-2.1.0"
        },
        "x86_64-darwin": {
          "outputs": [
            {
              "name": "out",
              "path": "/nix/store/acqpj484cb13311ic1fxmy1dfjs2lnyj-go-junit-report-2.1.0",
              "default": true
            }
          ],
          "store_path": "/nix/store/acqpj484cb13311ic1fxmy1dfjs2lnyj-go-junit-report-2.1.0"
        },
        "x86_64-linux": {
          "outputs": [
            {
              "name": "out",
              "path": "/nix/store/vinkjxz3sl79iqlrnf3hci22kbzm7b7v-go-junit-report-2.1.0",
              "default": true
            }
          ],
          "store_path": "/nix/store/vinkjxz3sl79iqlrnf3hci22kbzm7b7v-go-junit-report-2.1.0"
        }
      }
    },
    "go@latest": {
      "last_modified": "2025-03-11T17:52:14Z",
      "resolved": "github:NixOS/nixpkgs/0d534853a55b5d02a4ababa1d71921ce8f0aee4c#go",
      "source": "devbox-search",
      "version": "1.24.1",
      "systems": {
        "aarch64-darwin": {
          "outputs": [
            {
              "name": "out",
              "path": "/nix/store/ja4jxx60lh1qfqfl4z4p2rff56ia1c3c-go-1.24.1",
              "default": true
            }
          ],
          "store_path": "/nix/store/ja4jxx60lh1qfqfl4z4p2rff56ia1c3c-go-1.24.1"
        },
        "aarch64-linux": {
          "outputs": [
            {
              "name": "out",
              "path": "/nix/store/8ply43gnxk1xwichr81mpgbjcd9a1y5w-go-1.24.1",
              "default": true
            }
          ],
          "store_path": "/nix/store/8ply43gnxk1xwichr81mpgbjcd9a1y5w-go-1.24.1"
        },
        "x86_64-darwin": {
          "outputs": [
            {
              "name": "out",
              "path": "/nix/store/87yxrfx5lh78bdz393i33cr5z23x06q4-go-1.24.1",
              "default": true
            }
          ],
          "store_path": "/nix/store/87yxrfx5lh78bdz393i33cr5z23x06q4-go-1.24.1"
        },
        "x86_64-linux": {
          "outputs": [
            {
              "name": "out",
              "path": "/nix/store/cfjhl0kn7xc65466pha9fkrvigw3g72n-go-1.24.1",
              "default": true
            }
          ],
          "store_path": "/nix/store/cfjhl0kn7xc65466pha9fkrvigw3g72n-go-1.24.1"
        }
      }
    },
    "golangci-lint@latest": {
      "last_modified": "2025-03-25T17:32:05Z",
      "resolved": "github:NixOS/nixpkgs/25d1b84f5c90632a623c48d83a2faf156451e6b1#golangci-lint",
      "source": "devbox-search",
      "version": "2.0.0",
      "systems": {
        "aarch64-darwin": {
          "outputs": [
            {
              "name": "out",
              "path": "/nix/store/idv9cyl4i6w9n4sgc29kvqhywm04n1rz-golangci-lint-2.0.0",
              "default": true
            }
          ],
          "store_path": "/nix/store/idv9cyl4i6w9n4sgc29kvqhywm04n1rz-golangci-lint-2.0.0"
        },
        "aarch64-linux": {
          "outputs": [
            {
              "name": "out",
              "path": "/nix/store/r0jxwvqvk2999dx04v3j9jgd46jscqc4-golangci-lint-2.0.0",
              "default": true
            }
          ],
          "store_path": "/nix/store/r0jxwvqvk2999dx04v3j9jgd46jscqc4-golangci-lint-2.0.0"
        },
        "x86_64-darwin": {
          "outputs": [
            {
              "name": "out",
              "path": "/nix/store/lsyy8arab3zvkpi8lr9303mf88y5k1rc-golangci-lint-2.0.0",
              "default": true
            }
          ],
          "store_path": "/nix/store/lsyy8arab3zvkpi8lr9303mf88y5k1rc-golangci-lint-2.0.0"
        },
        "x86_64-linux": {
          "outputs": [
            {
              "name": "out",
              "path": "/nix/store/834gvbmhpwvy1d65r5x4xihkxm4g91ab-golangci-lint-2.0.0",
              "default": true
            }
          ],
          "store_path": "/nix/store/834gvbmhpwvy1d65r5x4xihkxm4g91ab-golangci-lint-2.0.0"
        }
      }
    },
    "nodejs@latest": {
      "last_modified": "2025-03-16T16:17:41Z",
      "plugin_version": "0.0.2",
      "resolved": "github:NixOS/nixpkgs/8f76cf16b17c51ae0cc8e55488069593f6dab645#nodejs_23",
      "source": "devbox-search",
      "version": "23.10.0",
      "systems": {
        "aarch64-darwin": {
          "outputs": [
            {
              "name": "out",
              "path": "/nix/store/dihlffh62qmgzsrxq1igwxicdyr3fn8a-nodejs-23.10.0",
              "default": true
            },
            {
              "name": "libv8",
              "path": "/nix/store/ks94i4365833bykrzg3d3mqxnciygyrn-nodejs-23.10.0-libv8"
            }
          ],
          "store_path": "/nix/store/dihlffh62qmgzsrxq1igwxicdyr3fn8a-nodejs-23.10.0"
        },
        "aarch64-linux": {
          "outputs": [
            {
              "name": "out",
              "path": "/nix/store/m7j1lf8a4z5bfla1m78pa3y12888hl7b-nodejs-23.10.0",
              "default": true
            },
            {
              "name": "libv8",
              "path": "/nix/store/kfvlfxx83n2w2fyb8hiz4p4dc165r035-nodejs-23.10.0-libv8"
            }
          ],
          "store_path": "/nix/store/m7j1lf8a4z5bfla1m78pa3y12888hl7b-nodejs-23.10.0"
        },
        "x86_64-darwin": {
          "outputs": [
            {
              "name": "out",
              "path": "/nix/store/nj0d1lc4nanqj7v4ibcgd26m3p5yfb0h-nodejs-23.10.0",
              "default": true
            },
            {
              "name": "libv8",
              "path": "/nix/store/k5rvmvqyibamfxa7cfzjfd5ldmi38kf3-nodejs-23.10.0-libv8"
            }
          ],
          "store_path": "/nix/store/nj0d1lc4nanqj7v4ibcgd26m3p5yfb0h-nodejs-23.10.0"
        },
        "x86_64-linux": {
          "outputs": [
            {
              "name": "out",
              "path": "/nix/store/m7imcmwi4hschl257dzc33gxciqlf4bm-nodejs-23.10.0",
              "default": true
            },
            {
              "name": "libv8",
              "path": "/nix/store/wy7ysxmd2ygdc5zpbhf9ripwgvvvnwsd-nodejs-23.10.0-libv8"
            }
          ],
          "store_path": "/nix/store/m7imcmwi4hschl257dzc33gxciqlf4bm-nodejs-23.10.0"
        }
      }
    },
    "pre-commit@latest": {
      "last_modified": "2025-03-23T14:04:58Z",
      "resolved": "github:NixOS/nixpkgs/f3a2a0601e9669a6e38af25b46ce6c4563bcb6da#pre-commit",
      "source": "devbox-search",
      "version": "4.0.1",
      "systems": {
        "aarch64-darwin": {
          "outputs": [
            {
              "name": "out",
              "path": "/nix/store/pzpq71v0n2bz0kbq564f1rpbkvxpm806-pre-commit-4.0.1",
              "default": true
            },
            {
              "name": "dist",
              "path": "/nix/store/apb3rhddwh7dsrcck3z4gjrp1wvbnj15-pre-commit-4.0.1-dist"
            }
          ],
          "store_path": "/nix/store/pzpq71v0n2bz0kbq564f1rpbkvxpm806-pre-commit-4.0.1"
        },
        "aarch64-linux": {
          "outputs": [
            {
              "name": "out",
              "path": "/nix/store/4v96c7s6q8hf2qb6xvswxsi889p2685f-pre-commit-4.0.1",
              "default": true
            },
            {
              "name": "dist",
              "path": "/nix/store/0wgwippsj2rmf14g2x4kiliar10gsmvw-pre-commit-4.0.1-dist"
            }
          ],
          "store_path": "/nix/store/4v96c7s6q8hf2qb6xvswxsi889p2685f-pre-commit-4.0.1"
        },
        "x86_64-darwin": {
          "outputs": [
            {
              "name": "out",
              "path": "/nix/store/a2k5j6cqljj3mc3l0g78kjz4shzf5qfd-pre-commit-4.0.1",
              "default": true
            },
            {
              "name": "dist",
              "path": "/nix/store/fxcbjldzbkhfywgnas64yiidgllnsd1f-pre-commit-4.0.1-dist"
            }
          ],
          "store_path": "/nix/store/a2k5j6cqljj3mc3l0g78kjz4shzf5qfd-pre-commit-4.0.1"
        },
        "x86_64-linux": {
          "outputs": [
            {
              "name": "out",
              "path": "/nix/store/kb01yi27frzjk7hhxmlihihmzk1q3vgx-pre-commit-4.0.1",
              "default": true
            },
            {
              "name": "dist",
              "path": "/nix/store/wz5an2d6397zfq6mqgi964r5k4b602dv-pre-commit-4.0.1-dist"
            }
          ],
          "store_path": "/nix/store/kb01yi27frzjk7hhxmlihihmzk1q3vgx-pre-commit-4.0.1"
        }
      }
    }
  }
}
